<?xml version="1.0" encoding="UTF-8" standalone="yes" ?>
<CodeBlocks_project_file>
	<FileVersion major="1" minor="6" />
	<Project>
		<Option title="TallerDeProgramacionServidor1" />
		<Option pch_mode="2" />
		<Option compiler="gcc" />
		<Build>
			<Target title="Debug">
				<Option output="bin/Debug/TallerDeProgramacionServidor1" prefix_auto="1" extension_auto="1" />
				<Option object_output="obj/Debug/" />
				<Option type="1" />
				<Option compiler="gcc" />
				<Option parameters="srv" />
				<Compiler>
					<Add option="-std=c++11" />
					<Add option="-g" />
					<Add directory="ModelServidor" />
					<Add directory="Cliente/Command/CommandNet" />
				</Compiler>
			</Target>
			<Target title="Release">
				<Option output="bin/Release/TallerDeProgramacionServidor1" prefix_auto="1" extension_auto="1" />
				<Option object_output="obj/Release/" />
				<Option type="1" />
				<Option compiler="gcc" />
				<Compiler>
					<Add option="-O2" />
					<Add option="-std=c++11" />
					<Add directory="ModelServidor" />
					<Add directory="Cliente/Command/CommandNet" />
				</Compiler>
				<Linker>
					<Add option="-s" />
				</Linker>
			</Target>
		</Build>
		<Compiler>
			<Add option="-Wall" />
			<Add option="-std=c++11" />
			<Add option="-fexceptions" />
		</Compiler>
		<Linker>
			<Add option="-lyaml-cpp" />
			<Add option="-pthread" />
		</Linker>
		<Unit filename="../Cliente/Command/CommandNet/ArmarBackup.h" />
		<Unit filename="ModelServidor/Buffer.cpp" />
		<Unit filename="ModelServidor/Buffer.h" />
		<Unit filename="ModelServidor/Cliente.cpp" />
		<Unit filename="ModelServidor/Cliente.h" />
		<Unit filename="ModelServidor/ModeloServidor.cpp" />
		<Unit filename="ModelServidor/ModeloServidor.h" />
		<Unit filename="ModelServidor/Reconector.cpp" />
		<Unit filename="ModelServidor/Reconector.h" />
		<Unit filename="SocketCliente/SocketCliente.h" />
		<Unit filename="SocketServidor/SocketServidor.cpp" />
		<Unit filename="SocketServidor/SocketServidor.h" />
		<Unit filename="Thread/Thread.cpp" />
		<Unit filename="Thread/Thread.h" />
		<Unit filename="Utils/Util_Configuracion.cpp" />
		<Unit filename="Utils/Util_Configuracion.h" />
		<Unit filename="Utils/Util_ParserUsuario.cpp" />
		<Unit filename="Utils/Util_ParserUsuario.h" />
		<Unit filename="main.cpp" />
		<Extensions>
			<code_completion />
			<envvars />
			<debugger />
		</Extensions>
	</Project>
</CodeBlocks_project_file>
